
Microsoft Visual Studio Solution File, Format Version 12.00
# Visual Studio Version 17
VisualStudioVersion = 17.10.35027.167
MinimumVisualStudioVersion = 10.0.40219.1
Project("{FAE04EC0-301F-11D3-BF4B-00C04F79EFBC}") = "ArchivoDeTokens", "ArchivoDeTokens.csproj", "{D6934789-4E97-492A-9D3D-D00821C62814}"
EndProject
Global
	GlobalSection(SolutionConfigurationPlatforms) = preSolution
		Debug|Any CPU = Debug|Any CPU
		Release|Any CPU = Release|Any CPU
	EndGlobalSection
	GlobalSection(ProjectConfigurationPlatforms) = postSolution
		{D6934789-4E97-492A-9D3D-D00821C62814}.Debug|Any CPU.ActiveCfg = Debug|Any CPU
		{D6934789-4E97-492A-9D3D-D00821C62814}.Debug|Any CPU.Build.0 = Debug|Any CPU
		{D6934789-4E97-492A-9D3D-D00821C62814}.Release|Any CPU.ActiveCfg = Release|Any CPU
		{D6934789-4E97-492A-9D3D-D00821C62814}.Release|Any CPU.Build.0 = Release|Any CPU
	EndGlobalSection
	GlobalSection(SolutionProperties) = preSolution
		HideSolutionNode = FALSE
	EndGlobalSection
	GlobalSection(ExtensibilityGlobals) = postSolution
		SolutionGuid = {987E1E81-3D12-4DFB-A47F-816675FD5E7F}
	EndGlobalSection
EndGlobal
